
Microsoft Visual Studio Solution File, Format Version 12.00
# Visual Studio 15
VisualStudioVersion = 15.0.27703.2042
MinimumVisualStudioVersion = 10.0.40219.1
Project("{FAE04EC0-301F-11D3-BF4B-00C04F79EFBC}") = "GeoTest3", "GeoTest3\GeoTest3.csproj", "{9C790C8B-8E85-43A4-8C1D-C12FEC76B941}"
EndProject
Project("{2150E333-8FDC-42A3-9474-1A3956D46DE8}") = "Solution Items", "Solution Items", "{0B613BB9-F7FD-40BE-B7B2-3E6CA18C26E7}"
EndProject
Global
	GlobalSection(SolutionConfigurationPlatforms) = preSolution
		Debug|Any CPU = Debug|Any CPU
		Release|Any CPU = Release|Any CPU
	EndGlobalSection
	GlobalSection(ProjectConfigurationPlatforms) = postSolution
		{9C790C8B-8E85-43A4-8C1D-C12FEC76B941}.Debug|Any CPU.ActiveCfg = Debug|Any CPU
		{9C790C8B-8E85-43A4-8C1D-C12FEC76B941}.Debug|Any CPU.Build.0 = Debug|Any CPU
		{9C790C8B-8E85-43A4-8C1D-C12FEC76B941}.Release|Any CPU.ActiveCfg = Release|Any CPU
		{9C790C8B-8E85-43A4-8C1D-C12FEC76B941}.Release|Any CPU.Build.0 = Release|Any CPU
	EndGlobalSection
	GlobalSection(SolutionProperties) = preSolution
		HideSolutionNode = FALSE
	EndGlobalSection
	GlobalSection(ExtensibilityGlobals) = postSolution
		SolutionGuid = {456077B7-A365-40FF-BA75-0B014FC4C0DC}
	EndGlobalSection
EndGlobal
